
Microsoft Visual Studio Solution File, Format Version 11.00
# Visual Studio 2010
Project("{8BC9CEB8-8B4A-11D0-8D11-00A0C91BC942}") = "HappyVM", "HappyVM\HappyVM.vcxproj", "{F22C3959-B9F0-4ABF-A727-D3CC1E69DCF5}"
EndProject
Project("{FAE04EC0-301F-11D3-BF4B-00C04F79EFBC}") = "HVMCompiler", "HVMCompiler\HVMCompiler.csproj", "{F2358DBE-DE46-4C49-8A80-3376BE359057}"
EndProject
Project("{FAE04EC0-301F-11D3-BF4B-00C04F79EFBC}") = "HVMCompilerTests", "HVMCompilerTests\HVMCompilerTests.csproj", "{1E9230BC-6F55-4088-AE9D-B096E8B89EC7}"
EndProject
Project("{2150E333-8FDC-42A3-9474-1A3956D46DE8}") = "Solution Items", "Solution Items", "{F64FCC4E-0B5F-4831-B903-B8BA56CB4CF1}"
	ProjectSection(SolutionItems) = preProject
		HappyVM.vsmdi = HappyVM.vsmdi
		Local.testsettings = Local.testsettings
		TraceAndTestImpact.testsettings = TraceAndTestImpact.testsettings
	EndProjectSection
EndProject
Global
	GlobalSection(TestCaseManagementSettings) = postSolution
		CategoryFile = HappyVM.vsmdi
	EndGlobalSection
	GlobalSection(SolutionConfigurationPlatforms) = preSolution
		Debug|Any CPU = Debug|Any CPU
		Debug|Mixed Platforms = Debug|Mixed Platforms
		Debug|Win32 = Debug|Win32
		Debug|x64 = Debug|x64
		Debug|x86 = Debug|x86
		Release|Any CPU = Release|Any CPU
		Release|Mixed Platforms = Release|Mixed Platforms
		Release|Win32 = Release|Win32
		Release|x64 = Release|x64
		Release|x86 = Release|x86
	EndGlobalSection
	GlobalSection(ProjectConfigurationPlatforms) = postSolution
		{F22C3959-B9F0-4ABF-A727-D3CC1E69DCF5}.Debug|Any CPU.ActiveCfg = Debug|x64
		{F22C3959-B9F0-4ABF-A727-D3CC1E69DCF5}.Debug|Mixed Platforms.ActiveCfg = Debug|x64
		{F22C3959-B9F0-4ABF-A727-D3CC1E69DCF5}.Debug|Mixed Platforms.Build.0 = Debug|x64
		{F22C3959-B9F0-4ABF-A727-D3CC1E69DCF5}.Debug|Win32.ActiveCfg = Debug|Win32
		{F22C3959-B9F0-4ABF-A727-D3CC1E69DCF5}.Debug|Win32.Build.0 = Debug|Win32
		{F22C3959-B9F0-4ABF-A727-D3CC1E69DCF5}.Debug|x64.ActiveCfg = Debug|x64
		{F22C3959-B9F0-4ABF-A727-D3CC1E69DCF5}.Debug|x64.Build.0 = Debug|x64
		{F22C3959-B9F0-4ABF-A727-D3CC1E69DCF5}.Debug|x86.ActiveCfg = Debug|x64
		{F22C3959-B9F0-4ABF-A727-D3CC1E69DCF5}.Release|Any CPU.ActiveCfg = Release|x64
		{F22C3959-B9F0-4ABF-A727-D3CC1E69DCF5}.Release|Mixed Platforms.ActiveCfg = Release|x64
		{F22C3959-B9F0-4ABF-A727-D3CC1E69DCF5}.Release|Mixed Platforms.Build.0 = Release|x64
		{F22C3959-B9F0-4ABF-A727-D3CC1E69DCF5}.Release|Win32.ActiveCfg = Release|Win32
		{F22C3959-B9F0-4ABF-A727-D3CC1E69DCF5}.Release|Win32.Build.0 = Release|Win32
		{F22C3959-B9F0-4ABF-A727-D3CC1E69DCF5}.Release|x64.ActiveCfg = Release|x64
		{F22C3959-B9F0-4ABF-A727-D3CC1E69DCF5}.Release|x64.Build.0 = Release|x64
		{F22C3959-B9F0-4ABF-A727-D3CC1E69DCF5}.Release|x86.ActiveCfg = Release|x64
		{F2358DBE-DE46-4C49-8A80-3376BE359057}.Debug|Any CPU.ActiveCfg = Debug|x86
		{F2358DBE-DE46-4C49-8A80-3376BE359057}.Debug|Mixed Platforms.ActiveCfg = Debug|x86
		{F2358DBE-DE46-4C49-8A80-3376BE359057}.Debug|Mixed Platforms.Build.0 = Debug|x86
		{F2358DBE-DE46-4C49-8A80-3376BE359057}.Debug|Win32.ActiveCfg = Debug|x86
		{F2358DBE-DE46-4C49-8A80-3376BE359057}.Debug|x64.ActiveCfg = Debug|x86
		{F2358DBE-DE46-4C49-8A80-3376BE359057}.Debug|x86.ActiveCfg = Debug|x86
		{F2358DBE-DE46-4C49-8A80-3376BE359057}.Debug|x86.Build.0 = Debug|x86
		{F2358DBE-DE46-4C49-8A80-3376BE359057}.Release|Any CPU.ActiveCfg = Release|x86
		{F2358DBE-DE46-4C49-8A80-3376BE359057}.Release|Mixed Platforms.ActiveCfg = Release|x86
		{F2358DBE-DE46-4C49-8A80-3376BE359057}.Release|Mixed Platforms.Build.0 = Release|x86
		{F2358DBE-DE46-4C49-8A80-3376BE359057}.Release|Win32.ActiveCfg = Release|x86
		{F2358DBE-DE46-4C49-8A80-3376BE359057}.Release|x64.ActiveCfg = Release|x86
		{F2358DBE-DE46-4C49-8A80-3376BE359057}.Release|x86.ActiveCfg = Release|x86
		{F2358DBE-DE46-4C49-8A80-3376BE359057}.Release|x86.Build.0 = Release|x86
		{1E9230BC-6F55-4088-AE9D-B096E8B89EC7}.Debug|Any CPU.ActiveCfg = Debug|Any CPU
		{1E9230BC-6F55-4088-AE9D-B096E8B89EC7}.Debug|Any CPU.Build.0 = Debug|Any CPU
		{1E9230BC-6F55-4088-AE9D-B096E8B89EC7}.Debug|Mixed Platforms.ActiveCfg = Debug|Any CPU
		{1E9230BC-6F55-4088-AE9D-B096E8B89EC7}.Debug|Mixed Platforms.Build.0 = Debug|Any CPU
		{1E9230BC-6F55-4088-AE9D-B096E8B89EC7}.Debug|Win32.ActiveCfg = Debug|Any CPU
		{1E9230BC-6F55-4088-AE9D-B096E8B89EC7}.Debug|x64.ActiveCfg = Debug|Any CPU
		{1E9230BC-6F55-4088-AE9D-B096E8B89EC7}.Debug|x86.ActiveCfg = Debug|Any CPU
		{1E9230BC-6F55-4088-AE9D-B096E8B89EC7}.Release|Any CPU.ActiveCfg = Release|Any CPU
		{1E9230BC-6F55-4088-AE9D-B096E8B89EC7}.Release|Any CPU.Build.0 = Release|Any CPU
		{1E9230BC-6F55-4088-AE9D-B096E8B89EC7}.Release|Mixed Platforms.ActiveCfg = Release|Any CPU
		{1E9230BC-6F55-4088-AE9D-B096E8B89EC7}.Release|Mixed Platforms.Build.0 = Release|Any CPU
		{1E9230BC-6F55-4088-AE9D-B096E8B89EC7}.Release|Win32.ActiveCfg = Release|Any CPU
		{1E9230BC-6F55-4088-AE9D-B096E8B89EC7}.Release|x64.ActiveCfg = Release|Any CPU
		{1E9230BC-6F55-4088-AE9D-B096E8B89EC7}.Release|x86.ActiveCfg = Release|Any CPU
	EndGlobalSection
	GlobalSection(SolutionProperties) = preSolution
		HideSolutionNode = FALSE
	EndGlobalSection
EndGlobal
